
Microsoft Visual Studio Solution File, Format Version 12.00
Project("{2150E333-8FDC-42A3-9474-1A3956D46DE8}") = "src", "src", "{733A6C0B-5E6B-4496-8762-77C5EEEB2250}"
EndProject
Project("{FAE04EC0-301F-11D3-BF4B-00C04F79EFBC}") = "Telegram.Bot", "deps\Telegram.Bot\src\Telegram.Bot\Telegram.Bot.csproj", "{34504984-6827-4E20-A25D-03D62EB84D7B}"
EndProject
Project("{FAE04EC0-301F-11D3-BF4B-00C04F79EFBC}") = "Telegram.Bot.Extensions.Exceptions", "src\Telegram.Bot.Extensions.Exceptions\Telegram.Bot.Extensions.Exceptions.csproj", "{1A287AFD-89FA-4774-8D20-FC3CBD41EF32}"
EndProject
Global
	GlobalSection(SolutionConfigurationPlatforms) = preSolution
		Debug|Any CPU = Debug|Any CPU
		Release|Any CPU = Release|Any CPU
	EndGlobalSection
	GlobalSection(ProjectConfigurationPlatforms) = postSolution
		{34504984-6827-4E20-A25D-03D62EB84D7B}.Debug|Any CPU.ActiveCfg = Debug|Any CPU
		{34504984-6827-4E20-A25D-03D62EB84D7B}.Debug|Any CPU.Build.0 = Debug|Any CPU
		{34504984-6827-4E20-A25D-03D62EB84D7B}.Release|Any CPU.ActiveCfg = Release|Any CPU
		{34504984-6827-4E20-A25D-03D62EB84D7B}.Release|Any CPU.Build.0 = Release|Any CPU
		{1A287AFD-89FA-4774-8D20-FC3CBD41EF32}.Debug|Any CPU.ActiveCfg = Debug|Any CPU
		{1A287AFD-89FA-4774-8D20-FC3CBD41EF32}.Debug|Any CPU.Build.0 = Debug|Any CPU
		{1A287AFD-89FA-4774-8D20-FC3CBD41EF32}.Release|Any CPU.ActiveCfg = Release|Any CPU
		{1A287AFD-89FA-4774-8D20-FC3CBD41EF32}.Release|Any CPU.Build.0 = Release|Any CPU
	EndGlobalSection
	GlobalSection(NestedProjects) = preSolution
		{34504984-6827-4E20-A25D-03D62EB84D7B} = {733A6C0B-5E6B-4496-8762-77C5EEEB2250}
		{1A287AFD-89FA-4774-8D20-FC3CBD41EF32} = {733A6C0B-5E6B-4496-8762-77C5EEEB2250}
	EndGlobalSection
EndGlobal
